
Microsoft Visual Studio Solution File, Format Version 12.00
# Visual Studio Version 17
VisualStudioVersion = 17.14.36301.6 d17.14
MinimumVisualStudioVersion = 10.0.40219.1
Project("{FAE04EC0-301F-11D3-BF4B-00C04F79EFBC}") = "CurrencyConverter", "CurrencyConverter\CurrencyConverter.csproj", "{923FE646-524B-4398-84D4-0AA6E1EAA977}"
EndProject
Global
	GlobalSection(SolutionConfigurationPlatforms) = preSolution
		Debug|Any CPU = Debug|Any CPU
		Release|Any CPU = Release|Any CPU
	EndGlobalSection
	GlobalSection(ProjectConfigurationPlatforms) = postSolution
		{923FE646-524B-4398-84D4-0AA6E1EAA977}.Debug|Any CPU.ActiveCfg = Debug|Any CPU
		{923FE646-524B-4398-84D4-0AA6E1EAA977}.Debug|Any CPU.Build.0 = Debug|Any CPU
		{923FE646-524B-4398-84D4-0AA6E1EAA977}.Release|Any CPU.ActiveCfg = Release|Any CPU
		{923FE646-524B-4398-84D4-0AA6E1EAA977}.Release|Any CPU.Build.0 = Release|Any CPU
	EndGlobalSection
	GlobalSection(SolutionProperties) = preSolution
		HideSolutionNode = FALSE
	EndGlobalSection
	GlobalSection(ExtensibilityGlobals) = postSolution
		SolutionGuid = {3E2287F6-3D3F-4CB4-9A9E-D29E57459B21}
	EndGlobalSection
EndGlobal
